// !$*UTF8*$!
{
	archiveVersion = 1;
	classes = {
	};
	objectVersion = 46;
	objects = {

/* Begin PBXBuildFile section */
		391C79DE1C4EBC0F00CAE752 /* Yahoo.m in Sources */ = {isa = PBXBuildFile; fileRef = 391C79DD1C4EBC0F00CAE752 /* Yahoo.m */; };
		391C79F21C4F0F2400CAE752 /* CollectionViewController.m in Sources */ = {isa = PBXBuildFile; fileRef = 391C79F11C4F0F2400CAE752 /* CollectionViewController.m */; };
		391C79F81C4F168200CAE752 /* CollectionViewCell.m in Sources */ = {isa = PBXBuildFile; fileRef = 391C79F71C4F168200CAE752 /* CollectionViewCell.m */; };
		391C79FE1C4F3D0400CAE752 /* TableViewController.m in Sources */ = {isa = PBXBuildFile; fileRef = 391C79FD1C4F3D0400CAE752 /* TableViewController.m */; };
		393ED4491C5D9BE600C00014 /* MovieCollectionVC.m in Sources */ = {isa = PBXBuildFile; fileRef = 393ED4481C5D9BE600C00014 /* MovieCollectionVC.m */; };
		393ED44C1C5DA21A00C00014 /* GenreTableList.m in Sources */ = {isa = PBXBuildFile; fileRef = 393ED44B1C5DA21A00C00014 /* GenreTableList.m */; };
		393ED44F1C5DB1C200C00014 /* MovieCollectionViewCell.m in Sources */ = {isa = PBXBuildFile; fileRef = 393ED44E1C5DB1C200C00014 /* MovieCollectionViewCell.m */; };
		393ED4521C5FBA2B00C00014 /* MovieTrailerVC.m in Sources */ = {isa = PBXBuildFile; fileRef = 393ED4511C5FBA2B00C00014 /* MovieTrailerVC.m */; };
		393ED4551C5FDE8300C00014 /* MovieDataModel.xcdatamodeld in Sources */ = {isa = PBXBuildFile; fileRef = 393ED4531C5FDE8300C00014 /* MovieDataModel.xcdatamodeld */; };
		393ED45A1C5FDF8700C00014 /* MovieData+CoreDataProperties.m in Sources */ = {isa = PBXBuildFile; fileRef = 393ED4571C5FDF8700C00014 /* MovieData+CoreDataProperties.m */; };
		393ED45B1C5FDF8700C00014 /* MovieData.m in Sources */ = {isa = PBXBuildFile; fileRef = 393ED4591C5FDF8700C00014 /* MovieData.m */; };
		393ED4A01C604E9500C00014 /* MovieCollectionHistoryVC.m in Sources */ = {isa = PBXBuildFile; fileRef = 393ED49F1C604E9500C00014 /* MovieCollectionHistoryVC.m */; };
		39456CCE1C480BC500B4EE47 /* main.m in Sources */ = {isa = PBXBuildFile; fileRef = 39456CCD1C480BC500B4EE47 /* main.m */; };
		39456CD11C480BC500B4EE47 /* AppDelegate.m in Sources */ = {isa = PBXBuildFile; fileRef = 39456CD01C480BC500B4EE47 /* AppDelegate.m */; };
		39456CD41C480BC500B4EE47 /* ViewController.m in Sources */ = {isa = PBXBuildFile; fileRef = 39456CD31C480BC500B4EE47 /* ViewController.m */; };
		39456CD71C480BC500B4EE47 /* Main.storyboard in Resources */ = {isa = PBXBuildFile; fileRef = 39456CD51C480BC500B4EE47 /* Main.storyboard */; };
		39456CD91C480BC500B4EE47 /* Assets.xcassets in Resources */ = {isa = PBXBuildFile; fileRef = 39456CD81C480BC500B4EE47 /* Assets.xcassets */; };
		39456CDC1C480BC500B4EE47 /* LaunchScreen.storyboard in Resources */ = {isa = PBXBuildFile; fileRef = 39456CDA1C480BC500B4EE47 /* LaunchScreen.storyboard */; };
		39456CE71C480BC600B4EE47 /* Convenient_CalculatorTests.m in Sources */ = {isa = PBXBuildFile; fileRef = 39456CE61C480BC600B4EE47 /* Convenient_CalculatorTests.m */; };
		39456CF21C480BC600B4EE47 /* Convenient_CalculatorUITests.m in Sources */ = {isa = PBXBuildFile; fileRef = 39456CF11C480BC600B4EE47 /* Convenient_CalculatorUITests.m */; };
		39456D011C480C5500B4EE47 /* CalculatorCore.mm in Sources */ = {isa = PBXBuildFile; fileRef = 39456D001C480C5500B4EE47 /* CalculatorCore.mm */; };
		39456D051C480CD000B4EE47 /* Eval.cpp in Sources */ = {isa = PBXBuildFile; fileRef = 39456D031C480CD000B4EE47 /* Eval.cpp */; };
		39C81AC51C5AFE5D007F4146 /* TMDb.m in Sources */ = {isa = PBXBuildFile; fileRef = 39C81AC41C5AFE5D007F4146 /* TMDb.m */; };
		39C81ACA1C5BE109007F4146 /* MovieDetailViewController.m in Sources */ = {isa = PBXBuildFile; fileRef = 39C81AC91C5BE109007F4146 /* MovieDetailViewController.m */; };
/* End PBXBuildFile section */

/* Begin PBXContainerItemProxy section */
		39456CE31C480BC500B4EE47 /* PBXContainerItemProxy */ = {
			isa = PBXContainerItemProxy;
			containerPortal = 39456CC11C480BC500B4EE47 /* Project object */;
			proxyType = 1;
			remoteGlobalIDString = 39456CC81C480BC500B4EE47;
			remoteInfo = "Convenient Calculator";
		};
		39456CEE1C480BC600B4EE47 /* PBXContainerItemProxy */ = {
			isa = PBXContainerItemProxy;
			containerPortal = 39456CC11C480BC500B4EE47 /* Project object */;
			proxyType = 1;
			remoteGlobalIDString = 39456CC81C480BC500B4EE47;
			remoteInfo = "Convenient Calculator";
		};
/* End PBXContainerItemProxy section */

/* Begin PBXFileReference section */
		391C79DC1C4EBC0F00CAE752 /* Yahoo.h */ = {isa = PBXFileReference; fileEncoding = 4; lastKnownFileType = sourcecode.c.h; name = Yahoo.h; path = Yahoo/Yahoo.h; sourceTree = "<group>"; };
		391C79DD1C4EBC0F00CAE752 /* Yahoo.m */ = {isa = PBXFileReference; fileEncoding = 4; lastKnownFileType = sourcecode.c.objc; name = Yahoo.m; path = Yahoo/Yahoo.m; sourceTree = "<group>"; };
		391C79E01C4ED2DE00CAE752 /* YahooKey.h */ = {isa = PBXFileReference; lastKnownFileType = sourcecode.c.h; name = YahooKey.h; path = Yahoo/YahooKey.h; sourceTree = "<group>"; };
		391C79F01C4F0F2400CAE752 /* CollectionViewController.h */ = {isa = PBXFileReference; fileEncoding = 4; lastKnownFileType = sourcecode.c.h; path = CollectionViewController.h; sourceTree = "<group>"; };
		391C79F11C4F0F2400CAE752 /* CollectionViewController.m */ = {isa = PBXFileReference; fileEncoding = 4; lastKnownFileType = sourcecode.c.objc; path = CollectionViewController.m; sourceTree = "<group>"; };
		391C79F61C4F168200CAE752 /* CollectionViewCell.h */ = {isa = PBXFileReference; fileEncoding = 4; lastKnownFileType = sourcecode.c.h; path = CollectionViewCell.h; sourceTree = "<group>"; };
		391C79F71C4F168200CAE752 /* CollectionViewCell.m */ = {isa = PBXFileReference; fileEncoding = 4; lastKnownFileType = sourcecode.c.objc; path = CollectionViewCell.m; sourceTree = "<group>"; };
		391C79FC1C4F3D0400CAE752 /* TableViewController.h */ = {isa = PBXFileReference; fileEncoding = 4; lastKnownFileType = sourcecode.c.h; path = TableViewController.h; sourceTree = "<group>"; };
		391C79FD1C4F3D0400CAE752 /* TableViewController.m */ = {isa = PBXFileReference; fileEncoding = 4; lastKnownFileType = sourcecode.c.objc; path = TableViewController.m; sourceTree = "<group>"; };
		393ED4471C5D9BE600C00014 /* MovieCollectionVC.h */ = {isa = PBXFileReference; fileEncoding = 4; lastKnownFileType = sourcecode.c.h; path = MovieCollectionVC.h; sourceTree = "<group>"; };
		393ED4481C5D9BE600C00014 /* MovieCollectionVC.m */ = {isa = PBXFileReference; fileEncoding = 4; lastKnownFileType = sourcecode.c.objc; path = MovieCollectionVC.m; sourceTree = "<group>"; };
		393ED44A1C5DA21A00C00014 /* GenreTableList.h */ = {isa = PBXFileReference; fileEncoding = 4; lastKnownFileType = sourcecode.c.h; path = GenreTableList.h; sourceTree = "<group>"; };
		393ED44B1C5DA21A00C00014 /* GenreTableList.m */ = {isa = PBXFileReference; fileEncoding = 4; lastKnownFileType = sourcecode.c.objc; path = GenreTableList.m; sourceTree = "<group>"; };
		393ED44D1C5DB1C200C00014 /* MovieCollectionViewCell.h */ = {isa = PBXFileReference; fileEncoding = 4; lastKnownFileType = sourcecode.c.h; path = MovieCollectionViewCell.h; sourceTree = "<group>"; };
		393ED44E1C5DB1C200C00014 /* MovieCollectionViewCell.m */ = {isa = PBXFileReference; fileEncoding = 4; lastKnownFileType = sourcecode.c.objc; path = MovieCollectionViewCell.m; sourceTree = "<group>"; };
		393ED4501C5FBA2B00C00014 /* MovieTrailerVC.h */ = {isa = PBXFileReference; fileEncoding = 4; lastKnownFileType = sourcecode.c.h; path = MovieTrailerVC.h; sourceTree = "<group>"; };
		393ED4511C5FBA2B00C00014 /* MovieTrailerVC.m */ = {isa = PBXFileReference; fileEncoding = 4; lastKnownFileType = sourcecode.c.objc; path = MovieTrailerVC.m; sourceTree = "<group>"; };
		393ED4541C5FDE8300C00014 /* MovieDataModel.xcdatamodel */ = {isa = PBXFileReference; lastKnownFileType = wrapper.xcdatamodel; path = MovieDataModel.xcdatamodel; sourceTree = "<group>"; };
		393ED4561C5FDF8700C00014 /* MovieData+CoreDataProperties.h */ = {isa = PBXFileReference; fileEncoding = 4; lastKnownFileType = sourcecode.c.h; path = "MovieData+CoreDataProperties.h"; sourceTree = "<group>"; };
		393ED4571C5FDF8700C00014 /* MovieData+CoreDataProperties.m */ = {isa = PBXFileReference; fileEncoding = 4; lastKnownFileType = sourcecode.c.objc; path = "MovieData+CoreDataProperties.m"; sourceTree = "<group>"; };
		393ED4581C5FDF8700C00014 /* MovieData.h */ = {isa = PBXFileReference; fileEncoding = 4; lastKnownFileType = sourcecode.c.h; path = MovieData.h; sourceTree = "<group>"; };
		393ED4591C5FDF8700C00014 /* MovieData.m */ = {isa = PBXFileReference; fileEncoding = 4; lastKnownFileType = sourcecode.c.objc; path = MovieData.m; sourceTree = "<group>"; };
		393ED49E1C604E9500C00014 /* MovieCollectionHistoryVC.h */ = {isa = PBXFileReference; fileEncoding = 4; lastKnownFileType = sourcecode.c.h; path = MovieCollectionHistoryVC.h; sourceTree = "<group>"; };
		393ED49F1C604E9500C00014 /* MovieCollectionHistoryVC.m */ = {isa = PBXFileReference; fileEncoding = 4; lastKnownFileType = sourcecode.c.objc; path = MovieCollectionHistoryVC.m; sourceTree = "<group>"; };
		39456CC91C480BC500B4EE47 /* Convenient Calculator.app */ = {isa = PBXFileReference; explicitFileType = wrapper.application; includeInIndex = 0; path = "Convenient Calculator.app"; sourceTree = BUILT_PRODUCTS_DIR; };
		39456CCD1C480BC500B4EE47 /* main.m */ = {isa = PBXFileReference; lastKnownFileType = sourcecode.c.objc; path = main.m; sourceTree = "<group>"; };
		39456CCF1C480BC500B4EE47 /* AppDelegate.h */ = {isa = PBXFileReference; lastKnownFileType = sourcecode.c.h; path = AppDelegate.h; sourceTree = "<group>"; };
		39456CD01C480BC500B4EE47 /* AppDelegate.m */ = {isa = PBXFileReference; lastKnownFileType = sourcecode.c.objc; path = AppDelegate.m; sourceTree = "<group>"; };
		39456CD21C480BC500B4EE47 /* ViewController.h */ = {isa = PBXFileReference; lastKnownFileType = sourcecode.c.h; path = ViewController.h; sourceTree = "<group>"; };
		39456CD31C480BC500B4EE47 /* ViewController.m */ = {isa = PBXFileReference; lastKnownFileType = sourcecode.c.objc; path = ViewController.m; sourceTree = "<group>"; };
		39456CD61C480BC500B4EE47 /* Base */ = {isa = PBXFileReference; lastKnownFileType = file.storyboard; name = Base; path = Base.lproj/Main.storyboard; sourceTree = "<group>"; };
		39456CD81C480BC500B4EE47 /* Assets.xcassets */ = {isa = PBXFileReference; lastKnownFileType = folder.assetcatalog; path = Assets.xcassets; sourceTree = "<group>"; };
		39456CDB1C480BC500B4EE47 /* Base */ = {isa = PBXFileReference; lastKnownFileType = file.storyboard; name = Base; path = Base.lproj/LaunchScreen.storyboard; sourceTree = "<group>"; };
		39456CDD1C480BC500B4EE47 /* Info.plist */ = {isa = PBXFileReference; lastKnownFileType = text.plist.xml; path = Info.plist; sourceTree = "<group>"; };
		39456CE21C480BC500B4EE47 /* Convenient CalculatorTests.xctest */ = {isa = PBXFileReference; explicitFileType = wrapper.cfbundle; includeInIndex = 0; path = "Convenient CalculatorTests.xctest"; sourceTree = BUILT_PRODUCTS_DIR; };
		39456CE61C480BC600B4EE47 /* Convenient_CalculatorTests.m */ = {isa = PBXFileReference; lastKnownFileType = sourcecode.c.objc; path = Convenient_CalculatorTests.m; sourceTree = "<group>"; };
		39456CE81C480BC600B4EE47 /* Info.plist */ = {isa = PBXFileReference; lastKnownFileType = text.plist.xml; path = Info.plist; sourceTree = "<group>"; };
		39456CED1C480BC600B4EE47 /* Convenient CalculatorUITests.xctest */ = {isa = PBXFileReference; explicitFileType = wrapper.cfbundle; includeInIndex = 0; path = "Convenient CalculatorUITests.xctest"; sourceTree = BUILT_PRODUCTS_DIR; };
		39456CF11C480BC600B4EE47 /* Convenient_CalculatorUITests.m */ = {isa = PBXFileReference; lastKnownFileType = sourcecode.c.objc; path = Convenient_CalculatorUITests.m; sourceTree = "<group>"; };
		39456CF31C480BC600B4EE47 /* Info.plist */ = {isa = PBXFileReference; lastKnownFileType = text.plist.xml; path = Info.plist; sourceTree = "<group>"; };
		39456CFF1C480C5500B4EE47 /* CalculatorCore.h */ = {isa = PBXFileReference; fileEncoding = 4; lastKnownFileType = sourcecode.c.h; name = CalculatorCore.h; path = Model/CalculatorCore.h; sourceTree = "<group>"; };
		39456D001C480C5500B4EE47 /* CalculatorCore.mm */ = {isa = PBXFileReference; fileEncoding = 4; lastKnownFileType = sourcecode.cpp.objcpp; name = CalculatorCore.mm; path = Model/CalculatorCore.mm; sourceTree = "<group>"; };
		39456D031C480CD000B4EE47 /* Eval.cpp */ = {isa = PBXFileReference; fileEncoding = 4; lastKnownFileType = sourcecode.cpp.cpp; name = Eval.cpp; path = Model/Eval.cpp; sourceTree = "<group>"; };
		39456D041C480CD000B4EE47 /* Eval.hpp */ = {isa = PBXFileReference; fileEncoding = 4; lastKnownFileType = sourcecode.cpp.h; name = Eval.hpp; path = Model/Eval.hpp; sourceTree = "<group>"; };
		39C81AC31C5AFE5D007F4146 /* TMDb.h */ = {isa = PBXFileReference; fileEncoding = 4; lastKnownFileType = sourcecode.c.h; name = TMDb.h; path = TMDb/TMDb.h; sourceTree = "<group>"; };
		39C81AC41C5AFE5D007F4146 /* TMDb.m */ = {isa = PBXFileReference; fileEncoding = 4; lastKnownFileType = sourcecode.c.objc; name = TMDb.m; path = TMDb/TMDb.m; sourceTree = "<group>"; };
		39C81AC71C5AFE8F007F4146 /* TMDbKey.h */ = {isa = PBXFileReference; lastKnownFileType = sourcecode.c.h; name = TMDbKey.h; path = TMDb/TMDbKey.h; sourceTree = "<group>"; };
		39C81AC81C5BE109007F4146 /* MovieDetailViewController.h */ = {isa = PBXFileReference; fileEncoding = 4; lastKnownFileType = sourcecode.c.h; path = MovieDetailViewController.h; sourceTree = "<group>"; };
		39C81AC91C5BE109007F4146 /* MovieDetailViewController.m */ = {isa = PBXFileReference; fileEncoding = 4; lastKnownFileType = sourcecode.c.objc; path = MovieDetailViewController.m; sourceTree = "<group>"; };
/* End PBXFileReference section */

/* Begin PBXFrameworksBuildPhase section */
		39456CC61C480BC500B4EE47 /* Frameworks */ = {
			isa = PBXFrameworksBuildPhase;
			buildActionMask = 2147483647;
			files = (
			);
			runOnlyForDeploymentPostprocessing = 0;
		};
		39456CDF1C480BC500B4EE47 /* Frameworks */ = {
			isa = PBXFrameworksBuildPhase;
			buildActionMask = 2147483647;
			files = (
			);
			runOnlyForDeploymentPostprocessing = 0;
		};
		39456CEA1C480BC600B4EE47 /* Frameworks */ = {
			isa = PBXFrameworksBuildPhase;
			buildActionMask = 2147483647;
			files = (
			);
			runOnlyForDeploymentPostprocessing = 0;
		};
/* End PBXFrameworksBuildPhase section */

/* Begin PBXGroup section */
		391C79DF1C4EBC1500CAE752 /* Yahoo */ = {
			isa = PBXGroup;
			children = (
				391C79E01C4ED2DE00CAE752 /* YahooKey.h */,
				391C79DC1C4EBC0F00CAE752 /* Yahoo.h */,
				391C79DD1C4EBC0F00CAE752 /* Yahoo.m */,
			);
			name = Yahoo;
			sourceTree = "<group>";
		};
		391C79E21C4EDF5300CAE752 /* CalculatorVC */ = {
			isa = PBXGroup;
			children = (
				39456D021C480C5C00B4EE47 /* Model */,
				39456CD21C480BC500B4EE47 /* ViewController.h */,
				39456CD31C480BC500B4EE47 /* ViewController.m */,
			);
			name = CalculatorVC;
			sourceTree = "<group>";
		};
		391C79E31C4EDF6600CAE752 /* WeatherVC */ = {
			isa = PBXGroup;
			children = (
				391C79F01C4F0F2400CAE752 /* CollectionViewController.h */,
				391C79F11C4F0F2400CAE752 /* CollectionViewController.m */,
				391C79F61C4F168200CAE752 /* CollectionViewCell.h */,
				391C79F71C4F168200CAE752 /* CollectionViewCell.m */,
				391C79FC1C4F3D0400CAE752 /* TableViewController.h */,
				391C79FD1C4F3D0400CAE752 /* TableViewController.m */,
			);
			name = WeatherVC;
			sourceTree = "<group>";
		};
		39456CC01C480BC500B4EE47 = {
			isa = PBXGroup;
			children = (
				39C81AC61C5AFE6D007F4146 /* TMDb */,
				391C79DF1C4EBC1500CAE752 /* Yahoo */,
				39456CCB1C480BC500B4EE47 /* Convenient Calculator */,
				39456CE51C480BC500B4EE47 /* Convenient CalculatorTests */,
				39456CF01C480BC600B4EE47 /* Convenient CalculatorUITests */,
				39456CCA1C480BC500B4EE47 /* Products */,
			);
			sourceTree = "<group>";
		};
		39456CCA1C480BC500B4EE47 /* Products */ = {
			isa = PBXGroup;
			children = (
				39456CC91C480BC500B4EE47 /* Convenient Calculator.app */,
				39456CE21C480BC500B4EE47 /* Convenient CalculatorTests.xctest */,
				39456CED1C480BC600B4EE47 /* Convenient CalculatorUITests.xctest */,
			);
			name = Products;
			sourceTree = "<group>";
		};
		39456CCB1C480BC500B4EE47 /* Convenient Calculator */ = {
			isa = PBXGroup;
			children = (
				39C81ACC1C5BE11A007F4146 /* Movie */,
				391C79E31C4EDF6600CAE752 /* WeatherVC */,
				391C79E21C4EDF5300CAE752 /* CalculatorVC */,
				39456CD51C480BC500B4EE47 /* Main.storyboard */,
				39456CD81C480BC500B4EE47 /* Assets.xcassets */,
				39456CDA1C480BC500B4EE47 /* LaunchScreen.storyboard */,
				39456CDD1C480BC500B4EE47 /* Info.plist */,
				39456CCC1C480BC500B4EE47 /* Supporting Files */,
			);
			path = "Convenient Calculator";
			sourceTree = "<group>";
		};
		39456CCC1C480BC500B4EE47 /* Supporting Files */ = {
			isa = PBXGroup;
			children = (
				39456CCF1C480BC500B4EE47 /* AppDelegate.h */,
				39456CD01C480BC500B4EE47 /* AppDelegate.m */,
				39456CCD1C480BC500B4EE47 /* main.m */,
			);
			name = "Supporting Files";
			sourceTree = "<group>";
		};
		39456CE51C480BC500B4EE47 /* Convenient CalculatorTests */ = {
			isa = PBXGroup;
			children = (
				39456CE61C480BC600B4EE47 /* Convenient_CalculatorTests.m */,
				39456CE81C480BC600B4EE47 /* Info.plist */,
			);
			path = "Convenient CalculatorTests";
			sourceTree = "<group>";
		};
		39456CF01C480BC600B4EE47 /* Convenient CalculatorUITests */ = {
			isa = PBXGroup;
			children = (
				39456CF11C480BC600B4EE47 /* Convenient_CalculatorUITests.m */,
				39456CF31C480BC600B4EE47 /* Info.plist */,
			);
			path = "Convenient CalculatorUITests";
			sourceTree = "<group>";
		};
		39456D021C480C5C00B4EE47 /* Model */ = {
			isa = PBXGroup;
			children = (
				39456CFF1C480C5500B4EE47 /* CalculatorCore.h */,
				39456D001C480C5500B4EE47 /* CalculatorCore.mm */,
				39456D031C480CD000B4EE47 /* Eval.cpp */,
				39456D041C480CD000B4EE47 /* Eval.hpp */,
			);
			name = Model;
			sourceTree = "<group>";
		};
		39C81AC61C5AFE6D007F4146 /* TMDb */ = {
			isa = PBXGroup;
			children = (
				39C81AC31C5AFE5D007F4146 /* TMDb.h */,
				39C81AC41C5AFE5D007F4146 /* TMDb.m */,
				39C81AC71C5AFE8F007F4146 /* TMDbKey.h */,
			);
			name = TMDb;
			sourceTree = "<group>";
		};
		39C81ACC1C5BE11A007F4146 /* Movie */ = {
			isa = PBXGroup;
			children = (
				393ED4501C5FBA2B00C00014 /* MovieTrailerVC.h */,
				393ED4511C5FBA2B00C00014 /* MovieTrailerVC.m */,
				39C81AC81C5BE109007F4146 /* MovieDetailViewController.h */,
				39C81AC91C5BE109007F4146 /* MovieDetailViewController.m */,
				393ED4471C5D9BE600C00014 /* MovieCollectionVC.h */,
				393ED4481C5D9BE600C00014 /* MovieCollectionVC.m */,
				393ED49E1C604E9500C00014 /* MovieCollectionHistoryVC.h */,
				393ED49F1C604E9500C00014 /* MovieCollectionHistoryVC.m */,
				393ED44D1C5DB1C200C00014 /* MovieCollectionViewCell.h */,
				393ED44E1C5DB1C200C00014 /* MovieCollectionViewCell.m */,
				393ED44A1C5DA21A00C00014 /* GenreTableList.h */,
				393ED44B1C5DA21A00C00014 /* GenreTableList.m */,
				393ED4531C5FDE8300C00014 /* MovieDataModel.xcdatamodeld */,
				393ED4561C5FDF8700C00014 /* MovieData+CoreDataProperties.h */,
				393ED4571C5FDF8700C00014 /* MovieData+CoreDataProperties.m */,
				393ED4581C5FDF8700C00014 /* MovieData.h */,
				393ED4591C5FDF8700C00014 /* MovieData.m */,
			);
			name = Movie;
			sourceTree = "<group>";
		};
/* End PBXGroup section */

/* Begin PBXNativeTarget section */
		39456CC81C480BC500B4EE47 /* Convenient Calculator */ = {
			isa = PBXNativeTarget;
			buildConfigurationList = 39456CF61C480BC600B4EE47 /* Build configuration list for PBXNativeTarget "Convenient Calculator" */;
			buildPhases = (
				39456CC51C480BC500B4EE47 /* Sources */,
				39456CC61C480BC500B4EE47 /* Frameworks */,
				39456CC71C480BC500B4EE47 /* Resources */,
			);
			buildRules = (
			);
			dependencies = (
			);
			name = "Convenient Calculator";
			productName = "Convenient Calculator";
			productReference = 39456CC91C480BC500B4EE47 /* Convenient Calculator.app */;
			productType = "com.apple.product-type.application";
		};
		39456CE11C480BC500B4EE47 /* Convenient CalculatorTests */ = {
			isa = PBXNativeTarget;
			buildConfigurationList = 39456CF91C480BC600B4EE47 /* Build configuration list for PBXNativeTarget "Convenient CalculatorTests" */;
			buildPhases = (
				39456CDE1C480BC500B4EE47 /* Sources */,
				39456CDF1C480BC500B4EE47 /* Frameworks */,
				39456CE01C480BC500B4EE47 /* Resources */,
			);
			buildRules = (
			);
			dependencies = (
				39456CE41C480BC500B4EE47 /* PBXTargetDependency */,
			);
			name = "Convenient CalculatorTests";
			productName = "Convenient CalculatorTests";
			productReference = 39456CE21C480BC500B4EE47 /* Convenient CalculatorTests.xctest */;
			productType = "com.apple.product-type.bundle.unit-test";
		};
		39456CEC1C480BC600B4EE47 /* Convenient CalculatorUITests */ = {
			isa = PBXNativeTarget;
			buildConfigurationList = 39456CFC1C480BC600B4EE47 /* Build configuration list for PBXNativeTarget "Convenient CalculatorUITests" */;
			buildPhases = (
				39456CE91C480BC600B4EE47 /* Sources */,
				39456CEA1C480BC600B4EE47 /* Frameworks */,
				39456CEB1C480BC600B4EE47 /* Resources */,
			);
			buildRules = (
			);
			dependencies = (
				39456CEF1C480BC600B4EE47 /* PBXTargetDependency */,
			);
			name = "Convenient CalculatorUITests";
			productName = "Convenient CalculatorUITests";
			productReference = 39456CED1C480BC600B4EE47 /* Convenient CalculatorUITests.xctest */;
			productType = "com.apple.product-type.bundle.ui-testing";
		};
/* End PBXNativeTarget section */

/* Begin PBXProject section */
		39456CC11C480BC500B4EE47 /* Project object */ = {
			isa = PBXProject;
			attributes = {
				LastUpgradeCheck = 0720;
				ORGANIZATIONNAME = "xinye lei";
				TargetAttributes = {
					39456CC81C480BC500B4EE47 = {
						CreatedOnToolsVersion = 7.2;
						DevelopmentTeam = MD3RJAU54S;
					};
					39456CE11C480BC500B4EE47 = {
						CreatedOnToolsVersion = 7.2;
						TestTargetID = 39456CC81C480BC500B4EE47;
					};
					39456CEC1C480BC600B4EE47 = {
						CreatedOnToolsVersion = 7.2;
						TestTargetID = 39456CC81C480BC500B4EE47;
					};
				};
			};
			buildConfigurationList = 39456CC41C480BC500B4EE47 /* Build configuration list for PBXProject "Convenient Calculator" */;
			compatibilityVersion = "Xcode 3.2";
			developmentRegion = English;
			hasScannedForEncodings = 0;
			knownRegions = (
				en,
				Base,
			);
			mainGroup = 39456CC01C480BC500B4EE47;
			productRefGroup = 39456CCA1C480BC500B4EE47 /* Products */;
			projectDirPath = "";
			projectRoot = "";
			targets = (
				39456CC81C480BC500B4EE47 /* Convenient Calculator */,
				39456CE11C480BC500B4EE47 /* Convenient CalculatorTests */,
				39456CEC1C480BC600B4EE47 /* Convenient CalculatorUITests */,
			);
		};
/* End PBXProject section */

/* Begin PBXResourcesBuildPhase section */
		39456CC71C480BC500B4EE47 /* Resources */ = {
			isa = PBXResourcesBuildPhase;
			buildActionMask = 2147483647;
			files = (
				39456CDC1C480BC500B4EE47 /* LaunchScreen.storyboard in Resources */,
				39456CD91C480BC500B4EE47 /* Assets.xcassets in Resources */,
				39456CD71C480BC500B4EE47 /* Main.storyboard in Resources */,
			);
			runOnlyForDeploymentPostprocessing = 0;
		};
		39456CE01C480BC500B4EE47 /* Resources */ = {
			isa = PBXResourcesBuildPhase;
			buildActionMask = 2147483647;
			files = (
			);
			runOnlyForDeploymentPostprocessing = 0;
		};
		39456CEB1C480BC600B4EE47 /* Resources */ = {
			isa = PBXResourcesBuildPhase;
			buildActionMask = 2147483647;
			files = (
			);
			runOnlyForDeploymentPostprocessing = 0;
		};
/* End PBXResourcesBuildPhase section */

/* Begin PBXSourcesBuildPhase section */
		39456CC51C480BC500B4EE47 /* Sources */ = {
			isa = PBXSourcesBuildPhase;
			buildActionMask = 2147483647;
			files = (
				39C81AC51C5AFE5D007F4146 /* TMDb.m in Sources */,
				391C79DE1C4EBC0F00CAE752 /* Yahoo.m in Sources */,
				391C79F21C4F0F2400CAE752 /* CollectionViewController.m in Sources */,
				393ED4491C5D9BE600C00014 /* MovieCollectionVC.m in Sources */,
				39C81ACA1C5BE109007F4146 /* MovieDetailViewController.m in Sources */,
				39456CD41C480BC500B4EE47 /* ViewController.m in Sources */,
				39456CD11C480BC500B4EE47 /* AppDelegate.m in Sources */,
				391C79FE1C4F3D0400CAE752 /* TableViewController.m in Sources */,
				393ED45B1C5FDF8700C00014 /* MovieData.m in Sources */,
				39456D011C480C5500B4EE47 /* CalculatorCore.mm in Sources */,
				39456CCE1C480BC500B4EE47 /* main.m in Sources */,
				393ED45A1C5FDF8700C00014 /* MovieData+CoreDataProperties.m in Sources */,
				393ED4521C5FBA2B00C00014 /* MovieTrailerVC.m in Sources */,
				393ED44C1C5DA21A00C00014 /* GenreTableList.m in Sources */,
				393ED4A01C604E9500C00014 /* MovieCollectionHistoryVC.m in Sources */,
				391C79F81C4F168200CAE752 /* CollectionViewCell.m in Sources */,
				39456D051C480CD000B4EE47 /* Eval.cpp in Sources */,
				393ED4551C5FDE8300C00014 /* MovieDataModel.xcdatamodeld in Sources */,
				393ED44F1C5DB1C200C00014 /* MovieCollectionViewCell.m in Sources */,
			);
			runOnlyForDeploymentPostprocessing = 0;
		};
		39456CDE1C480BC500B4EE47 /* Sources */ = {
			isa = PBXSourcesBuildPhase;
			buildActionMask = 2147483647;
			files = (
				39456CE71C480BC600B4EE47 /* Convenient_CalculatorTests.m in Sources */,
			);
			runOnlyForDeploymentPostprocessing = 0;
		};
		39456CE91C480BC600B4EE47 /* Sources */ = {
			isa = PBXSourcesBuildPhase;
			buildActionMask = 2147483647;
			files = (
				39456CF21C480BC600B4EE47 /* Convenient_CalculatorUITests.m in Sources */,
			);
			runOnlyForDeploymentPostprocessing = 0;
		};
/* End PBXSourcesBuildPhase section */

/* Begin PBXTargetDependency section */
		39456CE41C480BC500B4EE47 /* PBXTargetDependency */ = {
			isa = PBXTargetDependency;
			target = 39456CC81C480BC500B4EE47 /* Convenient Calculator */;
			targetProxy = 39456CE31C480BC500B4EE47 /* PBXContainerItemProxy */;
		};
		39456CEF1C480BC600B4EE47 /* PBXTargetDependency */ = {
			isa = PBXTargetDependency;
			target = 39456CC81C480BC500B4EE47 /* Convenient Calculator */;
			targetProxy = 39456CEE1C480BC600B4EE47 /* PBXContainerItemProxy */;
		};
/* End PBXTargetDependency section */

/* Begin PBXVariantGroup section */
		39456CD51C480BC500B4EE47 /* Main.storyboard */ = {
			isa = PBXVariantGroup;
			children = (
				39456CD61C480BC500B4EE47 /* Base */,
			);
			name = Main.storyboard;
			sourceTree = "<group>";
		};
		39456CDA1C480BC500B4EE47 /* LaunchScreen.storyboard */ = {
			isa = PBXVariantGroup;
			children = (
				39456CDB1C480BC500B4EE47 /* Base */,
			);
			name = LaunchScreen.storyboard;
			sourceTree = "<group>";
		};
/* End PBXVariantGroup section */

/* Begin XCBuildConfiguration section */
		39456CF41C480BC600B4EE47 /* Debug */ = {
			isa = XCBuildConfiguration;
			buildSettings = {
				ALWAYS_SEARCH_USER_PATHS = NO;
				CLANG_CXX_LANGUAGE_STANDARD = "gnu++0x";
				CLANG_CXX_LIBRARY = "libc++";
				CLANG_ENABLE_MODULES = YES;
				CLANG_ENABLE_OBJC_ARC = YES;
				CLANG_WARN_BOOL_CONVERSION = YES;
				CLANG_WARN_CONSTANT_CONVERSION = YES;
				CLANG_WARN_DIRECT_OBJC_ISA_USAGE = YES_ERROR;
				CLANG_WARN_EMPTY_BODY = YES;
				CLANG_WARN_ENUM_CONVERSION = YES;
				CLANG_WARN_INT_CONVERSION = YES;
				CLANG_WARN_OBJC_ROOT_CLASS = YES_ERROR;
				CLANG_WARN_UNREACHABLE_CODE = YES;
				CLANG_WARN__DUPLICATE_METHOD_MATCH = YES;
				"CODE_SIGN_IDENTITY[sdk=iphoneos*]" = "iPhone Developer";
				COPY_PHASE_STRIP = NO;
				DEBUG_INFORMATION_FORMAT = dwarf;
				ENABLE_STRICT_OBJC_MSGSEND = YES;
				ENABLE_TESTABILITY = YES;
				GCC_C_LANGUAGE_STANDARD = gnu99;
				GCC_DYNAMIC_NO_PIC = NO;
				GCC_NO_COMMON_BLOCKS = YES;
				GCC_OPTIMIZATION_LEVEL = 0;
				GCC_PREPROCESSOR_DEFINITIONS = (
					"DEBUG=1",
					"$(inherited)",
				);
				GCC_WARN_64_TO_32_BIT_CONVERSION = YES;
				GCC_WARN_ABOUT_RETURN_TYPE = YES_ERROR;
				GCC_WARN_UNDECLARED_SELECTOR = YES;
				GCC_WARN_UNINITIALIZED_AUTOS = YES_AGGRESSIVE;
				GCC_WARN_UNUSED_FUNCTION = YES;
				GCC_WARN_UNUSED_VARIABLE = YES;
				IPHONEOS_DEPLOYMENT_TARGET = 9.2;
				MTL_ENABLE_DEBUG_INFO = YES;
				ONLY_ACTIVE_ARCH = YES;
				SDKROOT = iphoneos;
				TARGETED_DEVICE_FAMILY = "1,2";
			};
			name = Debug;
		};
		39456CF51C480BC600B4EE47 /* Release */ = {
			isa = XCBuildConfiguration;
			buildSettings = {
				ALWAYS_SEARCH_USER_PATHS = NO;
				CLANG_CXX_LANGUAGE_STANDARD = "gnu++0x";
				CLANG_CXX_LIBRARY = "libc++";
				CLANG_ENABLE_MODULES = YES;
				CLANG_ENABLE_OBJC_ARC = YES;
				CLANG_WARN_BOOL_CONVERSION = YES;
				CLANG_WARN_CONSTANT_CONVERSION = YES;
				CLANG_WARN_DIRECT_OBJC_ISA_USAGE = YES_ERROR;
				CLANG_WARN_EMPTY_BODY = YES;
				CLANG_WARN_ENUM_CONVERSION = YES;
				CLANG_WARN_INT_CONVERSION = YES;
				CLANG_WARN_OBJC_ROOT_CLASS = YES_ERROR;
				CLANG_WARN_UNREACHABLE_CODE = YES;
				CLANG_WARN__DUPLICATE_METHOD_MATCH = YES;
				"CODE_SIGN_IDENTITY[sdk=iphoneos*]" = "iPhone Developer";
				COPY_PHASE_STRIP = NO;
				DEBUG_INFORMATION_FORMAT = "dwarf-with-dsym";
				ENABLE_NS_ASSERTIONS = NO;
				ENABLE_STRICT_OBJC_MSGSEND = YES;
				GCC_C_LANGUAGE_STANDARD = gnu99;
				GCC_NO_COMMON_BLOCKS = YES;
				GCC_WARN_64_TO_32_BIT_CONVERSION = YES;
				GCC_WARN_ABOUT_RETURN_TYPE = YES_ERROR;
				GCC_WARN_UNDECLARED_SELECTOR = YES;
				GCC_WARN_UNINITIALIZED_AUTOS = YES_AGGRESSIVE;
				GCC_WARN_UNUSED_FUNCTION = YES;
				GCC_WARN_UNUSED_VARIABLE = YES;
				IPHONEOS_DEPLOYMENT_TARGET = 9.2;
				MTL_ENABLE_DEBUG_INFO = NO;
				SDKROOT = iphoneos;
				TARGETED_DEVICE_FAMILY = "1,2";
				VALIDATE_PRODUCT = YES;
			};
			name = Release;
		};
		39456CF71C480BC600B4EE47 /* Debug */ = {
			isa = XCBuildConfiguration;
			buildSettings = {
				ASSETCATALOG_COMPILER_APPICON_NAME = AppIcon;
				CODE_SIGN_IDENTITY = "iPhone Developer";
				INFOPLIST_FILE = "Convenient Calculator/Info.plist";
				LD_RUNPATH_SEARCH_PATHS = "$(inherited) @executable_path/Frameworks";
				PRODUCT_BUNDLE_IDENTIFIER = "lei.Convenient-Calculator";
				PRODUCT_NAME = "$(TARGET_NAME)";
			};
			name = Debug;
		};
		39456CF81C480BC600B4EE47 /* Release */ = {
			isa = XCBuildConfiguration;
			buildSettings = {
				ASSETCATALOG_COMPILER_APPICON_NAME = AppIcon;
				CODE_SIGN_IDENTITY = "iPhone Developer";
				INFOPLIST_FILE = "Convenient Calculator/Info.plist";
				LD_RUNPATH_SEARCH_PATHS = "$(inherited) @executable_path/Frameworks";
				PRODUCT_BUNDLE_IDENTIFIER = "lei.Convenient-Calculator";
				PRODUCT_NAME = "$(TARGET_NAME)";
			};
			name = Release;
		};
		39456CFA1C480BC600B4EE47 /* Debug */ = {
			isa = XCBuildConfiguration;
			buildSettings = {
				BUNDLE_LOADER = "$(TEST_HOST)";
				INFOPLIST_FILE = "Convenient CalculatorTests/Info.plist";
				LD_RUNPATH_SEARCH_PATHS = "$(inherited) @executable_path/Frameworks @loader_path/Frameworks";
				PRODUCT_BUNDLE_IDENTIFIER = "lei.Convenient-CalculatorTests";
				PRODUCT_NAME = "$(TARGET_NAME)";
				TEST_HOST = "$(BUILT_PRODUCTS_DIR)/Convenient Calculator.app/Convenient Calculator";
			};
			name = Debug;
		};
		39456CFB1C480BC600B4EE47 /* Release */ = {
			isa = XCBuildConfiguration;
			buildSettings = {
				BUNDLE_LOADER = "$(TEST_HOST)";
				INFOPLIST_FILE = "Convenient CalculatorTests/Info.plist";
				LD_RUNPATH_SEARCH_PATHS = "$(inherited) @executable_path/Frameworks @loader_path/Frameworks";
				PRODUCT_BUNDLE_IDENTIFIER = "lei.Convenient-CalculatorTests";
				PRODUCT_NAME = "$(TARGET_NAME)";
				TEST_HOST = "$(BUILT_PRODUCTS_DIR)/Convenient Calculator.app/Convenient Calculator";
			};
			name = Release;
		};
		39456CFD1C480BC600B4EE47 /* Debug */ = {
			isa = XCBuildConfiguration;
			buildSettings = {
				INFOPLIST_FILE = "Convenient CalculatorUITests/Info.plist";
				LD_RUNPATH_SEARCH_PATHS = "$(inherited) @executable_path/Frameworks @loader_path/Frameworks";
				PRODUCT_BUNDLE_IDENTIFIER = "lei.Convenient-CalculatorUITests";
				PRODUCT_NAME = "$(TARGET_NAME)";
				TEST_TARGET_NAME = "Convenient Calculator";
				USES_XCTRUNNER = YES;
			};
			name = Debug;
		};
		39456CFE1C480BC600B4EE47 /* Release */ = {
			isa = XCBuildConfiguration;
			buildSettings = {
				INFOPLIST_FILE = "Convenient CalculatorUITests/Info.plist";
				LD_RUNPATH_SEARCH_PATHS = "$(inherited) @executable_path/Frameworks @loader_path/Frameworks";
				PRODUCT_BUNDLE_IDENTIFIER = "lei.Convenient-CalculatorUITests";
				PRODUCT_NAME = "$(TARGET_NAME)";
				TEST_TARGET_NAME = "Convenient Calculator";
				USES_XCTRUNNER = YES;
			};
			name = Release;
		};
/* End XCBuildConfiguration section */

/* Begin XCConfigurationList section */
		39456CC41C480BC500B4EE47 /* Build configuration list for PBXProject "Convenient Calculator" */ = {
			isa = XCConfigurationList;
			buildConfigurations = (
				39456CF41C480BC600B4EE47 /* Debug */,
				39456CF51C480BC600B4EE47 /* Release */,
			);
			defaultConfigurationIsVisible = 0;
			defaultConfigurationName = Release;
		};
		39456CF61C480BC600B4EE47 /* Build configuration list for PBXNativeTarget "Convenient Calculator" */ = {
			isa = XCConfigurationList;
			buildConfigurations = (
				39456CF71C480BC600B4EE47 /* Debug */,
				39456CF81C480BC600B4EE47 /* Release */,
			);
			defaultConfigurationIsVisible = 0;
			defaultConfigurationName = Release;
		};
		39456CF91C480BC600B4EE47 /* Build configuration list for PBXNativeTarget "Convenient CalculatorTests" */ = {
			isa = XCConfigurationList;
			buildConfigurations = (
				39456CFA1C480BC600B4EE47 /* Debug */,
				39456CFB1C480BC600B4EE47 /* Release */,
			);
			defaultConfigurationIsVisible = 0;
			defaultConfigurationName = Release;
		};
		39456CFC1C480BC600B4EE47 /* Build configuration list for PBXNativeTarget "Convenient CalculatorUITests" */ = {
			isa = XCConfigurationList;
			buildConfigurations = (
				39456CFD1C480BC600B4EE47 /* Debug */,
				39456CFE1C480BC600B4EE47 /* Release */,
			);
			defaultConfigurationIsVisible = 0;
			defaultConfigurationName = Release;
		};
/* End XCConfigurationList section */

/* Begin XCVersionGroup section */
		393ED4531C5FDE8300C00014 /* MovieDataModel.xcdatamodeld */ = {
			isa = XCVersionGroup;
			children = (
				393ED4541C5FDE8300C00014 /* MovieDataModel.xcdatamodel */,
			);
			currentVersion = 393ED4541C5FDE8300C00014 /* MovieDataModel.xcdatamodel */;
			path = MovieDataModel.xcdatamodeld;
			sourceTree = "<group>";
			versionGroupType = wrapper.xcdatamodel;
		};
/* End XCVersionGroup section */
	};
	rootObject = 39456CC11C480BC500B4EE47 /* Project object */;
}
